
Microsoft Visual Studio Solution File, Format Version 12.00
# Visual Studio 15
VisualStudioVersion = 15.0.27703.2042
MinimumVisualStudioVersion = 10.0.40219.1
Project("{FAE04EC0-301F-11D3-BF4B-00C04F79EFBC}") = "test", "test\test.csproj", "{8A7C1338-B46D-4B6D-B3BA-3CB857A269DB}"
EndProject
Project("{FAE04EC0-301F-11D3-BF4B-00C04F79EFBC}") = "Nachalo_Test", "Nachalo_Test\Nachalo_Test.csproj", "{B3CF268C-5478-4148-98F6-098A07E20410}"
EndProject
Global
	GlobalSection(SolutionConfigurationPlatforms) = preSolution
		Debug|Any CPU = Debug|Any CPU
		Release|Any CPU = Release|Any CPU
	EndGlobalSection
	GlobalSection(ProjectConfigurationPlatforms) = postSolution
		{8A7C1338-B46D-4B6D-B3BA-3CB857A269DB}.Debug|Any CPU.ActiveCfg = Debug|Any CPU
		{8A7C1338-B46D-4B6D-B3BA-3CB857A269DB}.Debug|Any CPU.Build.0 = Debug|Any CPU
		{8A7C1338-B46D-4B6D-B3BA-3CB857A269DB}.Release|Any CPU.ActiveCfg = Release|Any CPU
		{8A7C1338-B46D-4B6D-B3BA-3CB857A269DB}.Release|Any CPU.Build.0 = Release|Any CPU
		{B3CF268C-5478-4148-98F6-098A07E20410}.Debug|Any CPU.ActiveCfg = Debug|Any CPU
		{B3CF268C-5478-4148-98F6-098A07E20410}.Debug|Any CPU.Build.0 = Debug|Any CPU
		{B3CF268C-5478-4148-98F6-098A07E20410}.Release|Any CPU.ActiveCfg = Release|Any CPU
		{B3CF268C-5478-4148-98F6-098A07E20410}.Release|Any CPU.Build.0 = Release|Any CPU
	EndGlobalSection
	GlobalSection(SolutionProperties) = preSolution
		HideSolutionNode = FALSE
	EndGlobalSection
	GlobalSection(ExtensibilityGlobals) = postSolution
		SolutionGuid = {BA17E759-759F-4B50-9588-42057B38F7AE}
	EndGlobalSection
EndGlobal
